
Microsoft Visual Studio Solution File, Format Version 12.00
Project("{FAE04EC0-301F-11D3-BF4B-00C04F79EFBC}") = "VezbaGrane", "VezbaGrane\VezbaGrane.csproj", "{3D033636-EA7F-4D8B-87D4-D63567C5949F}"
EndProject
Global
	GlobalSection(SolutionConfigurationPlatforms) = preSolution
		Debug|Any CPU = Debug|Any CPU
		Release|Any CPU = Release|Any CPU
	EndGlobalSection
	GlobalSection(ProjectConfigurationPlatforms) = postSolution
		{3D033636-EA7F-4D8B-87D4-D63567C5949F}.Debug|Any CPU.ActiveCfg = Debug|Any CPU
		{3D033636-EA7F-4D8B-87D4-D63567C5949F}.Debug|Any CPU.Build.0 = Debug|Any CPU
		{3D033636-EA7F-4D8B-87D4-D63567C5949F}.Release|Any CPU.ActiveCfg = Release|Any CPU
		{3D033636-EA7F-4D8B-87D4-D63567C5949F}.Release|Any CPU.Build.0 = Release|Any CPU
	EndGlobalSection
EndGlobal
